
Microsoft Visual Studio Solution File, Format Version 12.00
# Visual Studio Version 16
VisualStudioVersion = 16.0.31729.503
MinimumVisualStudioVersion = 10.0.40219.1
Project("{8BC9CEB8-8B4A-11D0-8D11-00A0C91BC942}") = "OpenMP", "OpenMP\OpenMP.vcxproj", "{8D0CA831-5903-4A0F-B3BF-570F8B0A7F7D}"
EndProject
Project("{8BC9CEB8-8B4A-11D0-8D11-00A0C91BC942}") = "MPI", "MPI\MPI.vcxproj", "{F5806C2B-8B14-43AA-AB26-E8658F6FC8C7}"
EndProject
Project("{2150E333-8FDC-42A3-9474-1A3956D46DE8}") = "Fran-187", "Fran-187", "{2E3AC2A0-9F9A-4595-A361-9B5DF8018D54}"
EndProject
Project("{8BC9CEB8-8B4A-11D0-8D11-00A0C91BC942}") = "OpenMPdll", "OpenMPdll\OpenMPdll.vcxproj", "{4D5D08B8-B029-46D7-A632-221FEFEEB6AE}"
EndProject
Project("{8BC9CEB8-8B4A-11D0-8D11-00A0C91BC942}") = "ReferencingOpenMP", "ReferencingOpenMP\ReferencingOpenMP.vcxproj", "{6EBEB373-CD73-4EA8-AD86-03EBD20CF548}"
EndProject
Project("{9A19103F-16F7-4668-BE54-9A1E7A4F7556}") = "AwaitTask", "Synchronize\AwaitTask.csproj", "{BC73A6F3-70AF-4B2C-B77E-318CC7DB4812}"
EndProject
Project("{9A19103F-16F7-4668-BE54-9A1E7A4F7556}") = "Synchronization", "Synchronization\Synchronization.csproj", "{7FB6B845-E772-488F-8339-8B1872F2CFCE}"
EndProject
Project("{2150E333-8FDC-42A3-9474-1A3956D46DE8}") = "C++", "C++", "{182516DF-01A7-4F8D-AAF2-C93F3E2EEC70}"
	ProjectSection(SolutionItems) = preProject
		StdParallel\StdParallel.cpp = StdParallel\StdParallel.cpp
	EndProjectSection
EndProject
Project("{2150E333-8FDC-42A3-9474-1A3956D46DE8}") = "Cs", "Cs", "{ECA7C8BF-B7AD-4CDD-B828-57DC8167EB56}"
EndProject
Project("{8BC9CEB8-8B4A-11D0-8D11-00A0C91BC942}") = "StdParallel", "StdParallel\StdParallel.vcxproj", "{34F9397C-7637-44F1-9884-72E0DEB2DE71}"
EndProject
Project("{8BC9CEB8-8B4A-11D0-8D11-00A0C91BC942}") = "Boost", "Boost\Boost.vcxproj", "{CB824624-5559-43E9-8D50-B2449ADF1983}"
EndProject
Project("{9A19103F-16F7-4668-BE54-9A1E7A4F7556}") = "GPU_CS", "GPU_CS\GPU_CS.csproj", "{1080BAD6-C135-4DB7-B41A-4E31EC61E7CC}"
EndProject
Project("{8BC9CEB8-8B4A-11D0-8D11-00A0C91BC942}") = "GPU", "GPU\GPU.vcxproj", "{C6B1E4E2-B95C-4CB9-B674-48859C12E9F4}"
EndProject
Project("{8BC9CEB8-8B4A-11D0-8D11-00A0C91BC942}") = "ArraySizeTest", "ArraySizeTest\ArraySizeTest.vcxproj", "{4590B4B7-61DB-430F-BF31-32D8DDA618DE}"
EndProject
Global
	GlobalSection(SolutionConfigurationPlatforms) = preSolution
		Debug|Any CPU = Debug|Any CPU
		Debug|x64 = Debug|x64
		Debug|x86 = Debug|x86
		Release|Any CPU = Release|Any CPU
		Release|x64 = Release|x64
		Release|x86 = Release|x86
		ReleaseMPI|Any CPU = ReleaseMPI|Any CPU
		ReleaseMPI|x64 = ReleaseMPI|x64
		ReleaseMPI|x86 = ReleaseMPI|x86
	EndGlobalSection
	GlobalSection(ProjectConfigurationPlatforms) = postSolution
		{8D0CA831-5903-4A0F-B3BF-570F8B0A7F7D}.Debug|Any CPU.ActiveCfg = Debug|Win32
		{8D0CA831-5903-4A0F-B3BF-570F8B0A7F7D}.Debug|x64.ActiveCfg = Debug|x64
		{8D0CA831-5903-4A0F-B3BF-570F8B0A7F7D}.Debug|x64.Build.0 = Debug|x64
		{8D0CA831-5903-4A0F-B3BF-570F8B0A7F7D}.Debug|x86.ActiveCfg = Debug|Win32
		{8D0CA831-5903-4A0F-B3BF-570F8B0A7F7D}.Debug|x86.Build.0 = Debug|Win32
		{8D0CA831-5903-4A0F-B3BF-570F8B0A7F7D}.Release|Any CPU.ActiveCfg = Release|Win32
		{8D0CA831-5903-4A0F-B3BF-570F8B0A7F7D}.Release|x64.ActiveCfg = Release|x64
		{8D0CA831-5903-4A0F-B3BF-570F8B0A7F7D}.Release|x64.Build.0 = Release|x64
		{8D0CA831-5903-4A0F-B3BF-570F8B0A7F7D}.Release|x86.ActiveCfg = Release|Win32
		{8D0CA831-5903-4A0F-B3BF-570F8B0A7F7D}.Release|x86.Build.0 = Release|Win32
		{8D0CA831-5903-4A0F-B3BF-570F8B0A7F7D}.ReleaseMPI|Any CPU.ActiveCfg = ReleaseMPI|Win32
		{8D0CA831-5903-4A0F-B3BF-570F8B0A7F7D}.ReleaseMPI|x64.ActiveCfg = ReleaseMPI|x64
		{8D0CA831-5903-4A0F-B3BF-570F8B0A7F7D}.ReleaseMPI|x64.Build.0 = ReleaseMPI|x64
		{8D0CA831-5903-4A0F-B3BF-570F8B0A7F7D}.ReleaseMPI|x86.ActiveCfg = ReleaseMPI|Win32
		{8D0CA831-5903-4A0F-B3BF-570F8B0A7F7D}.ReleaseMPI|x86.Build.0 = ReleaseMPI|Win32
		{F5806C2B-8B14-43AA-AB26-E8658F6FC8C7}.Debug|Any CPU.ActiveCfg = Debug|Win32
		{F5806C2B-8B14-43AA-AB26-E8658F6FC8C7}.Debug|x64.ActiveCfg = Debug|x64
		{F5806C2B-8B14-43AA-AB26-E8658F6FC8C7}.Debug|x64.Build.0 = Debug|x64
		{F5806C2B-8B14-43AA-AB26-E8658F6FC8C7}.Debug|x86.ActiveCfg = Debug|Win32
		{F5806C2B-8B14-43AA-AB26-E8658F6FC8C7}.Debug|x86.Build.0 = Debug|Win32
		{F5806C2B-8B14-43AA-AB26-E8658F6FC8C7}.Release|Any CPU.ActiveCfg = Release|Win32
		{F5806C2B-8B14-43AA-AB26-E8658F6FC8C7}.Release|x64.ActiveCfg = Release|x64
		{F5806C2B-8B14-43AA-AB26-E8658F6FC8C7}.Release|x64.Build.0 = Release|x64
		{F5806C2B-8B14-43AA-AB26-E8658F6FC8C7}.Release|x86.ActiveCfg = Release|Win32
		{F5806C2B-8B14-43AA-AB26-E8658F6FC8C7}.Release|x86.Build.0 = Release|Win32
		{F5806C2B-8B14-43AA-AB26-E8658F6FC8C7}.ReleaseMPI|Any CPU.ActiveCfg = ReleaseMPI|Win32
		{F5806C2B-8B14-43AA-AB26-E8658F6FC8C7}.ReleaseMPI|x64.ActiveCfg = ReleaseMPI|x64
		{F5806C2B-8B14-43AA-AB26-E8658F6FC8C7}.ReleaseMPI|x64.Build.0 = ReleaseMPI|x64
		{F5806C2B-8B14-43AA-AB26-E8658F6FC8C7}.ReleaseMPI|x86.ActiveCfg = ReleaseMPI|Win32
		{F5806C2B-8B14-43AA-AB26-E8658F6FC8C7}.ReleaseMPI|x86.Build.0 = ReleaseMPI|Win32
		{4D5D08B8-B029-46D7-A632-221FEFEEB6AE}.Debug|Any CPU.ActiveCfg = Debug|Win32
		{4D5D08B8-B029-46D7-A632-221FEFEEB6AE}.Debug|x64.ActiveCfg = Debug|x64
		{4D5D08B8-B029-46D7-A632-221FEFEEB6AE}.Debug|x64.Build.0 = Debug|x64
		{4D5D08B8-B029-46D7-A632-221FEFEEB6AE}.Debug|x86.ActiveCfg = Debug|Win32
		{4D5D08B8-B029-46D7-A632-221FEFEEB6AE}.Debug|x86.Build.0 = Debug|Win32
		{4D5D08B8-B029-46D7-A632-221FEFEEB6AE}.Release|Any CPU.ActiveCfg = Release|Win32
		{4D5D08B8-B029-46D7-A632-221FEFEEB6AE}.Release|x64.ActiveCfg = Release|x64
		{4D5D08B8-B029-46D7-A632-221FEFEEB6AE}.Release|x64.Build.0 = Release|x64
		{4D5D08B8-B029-46D7-A632-221FEFEEB6AE}.Release|x86.ActiveCfg = Release|Win32
		{4D5D08B8-B029-46D7-A632-221FEFEEB6AE}.Release|x86.Build.0 = Release|Win32
		{4D5D08B8-B029-46D7-A632-221FEFEEB6AE}.ReleaseMPI|Any CPU.ActiveCfg = ReleaseMPI|Win32
		{4D5D08B8-B029-46D7-A632-221FEFEEB6AE}.ReleaseMPI|x64.ActiveCfg = ReleaseMPI|x64
		{4D5D08B8-B029-46D7-A632-221FEFEEB6AE}.ReleaseMPI|x64.Build.0 = ReleaseMPI|x64
		{4D5D08B8-B029-46D7-A632-221FEFEEB6AE}.ReleaseMPI|x86.ActiveCfg = ReleaseMPI|Win32
		{4D5D08B8-B029-46D7-A632-221FEFEEB6AE}.ReleaseMPI|x86.Build.0 = ReleaseMPI|Win32
		{6EBEB373-CD73-4EA8-AD86-03EBD20CF548}.Debug|Any CPU.ActiveCfg = Debug|Win32
		{6EBEB373-CD73-4EA8-AD86-03EBD20CF548}.Debug|x64.ActiveCfg = Debug|x64
		{6EBEB373-CD73-4EA8-AD86-03EBD20CF548}.Debug|x64.Build.0 = Debug|x64
		{6EBEB373-CD73-4EA8-AD86-03EBD20CF548}.Debug|x86.ActiveCfg = Debug|Win32
		{6EBEB373-CD73-4EA8-AD86-03EBD20CF548}.Debug|x86.Build.0 = Debug|Win32
		{6EBEB373-CD73-4EA8-AD86-03EBD20CF548}.Release|Any CPU.ActiveCfg = Release|Win32
		{6EBEB373-CD73-4EA8-AD86-03EBD20CF548}.Release|x64.ActiveCfg = Release|x64
		{6EBEB373-CD73-4EA8-AD86-03EBD20CF548}.Release|x64.Build.0 = Release|x64
		{6EBEB373-CD73-4EA8-AD86-03EBD20CF548}.Release|x86.ActiveCfg = Release|Win32
		{6EBEB373-CD73-4EA8-AD86-03EBD20CF548}.Release|x86.Build.0 = Release|Win32
		{6EBEB373-CD73-4EA8-AD86-03EBD20CF548}.ReleaseMPI|Any CPU.ActiveCfg = ReleaseMPI|Win32
		{6EBEB373-CD73-4EA8-AD86-03EBD20CF548}.ReleaseMPI|x64.ActiveCfg = ReleaseMPI|x64
		{6EBEB373-CD73-4EA8-AD86-03EBD20CF548}.ReleaseMPI|x64.Build.0 = ReleaseMPI|x64
		{6EBEB373-CD73-4EA8-AD86-03EBD20CF548}.ReleaseMPI|x86.ActiveCfg = ReleaseMPI|Win32
		{6EBEB373-CD73-4EA8-AD86-03EBD20CF548}.ReleaseMPI|x86.Build.0 = ReleaseMPI|Win32
		{BC73A6F3-70AF-4B2C-B77E-318CC7DB4812}.Debug|Any CPU.ActiveCfg = Debug|Any CPU
		{BC73A6F3-70AF-4B2C-B77E-318CC7DB4812}.Debug|Any CPU.Build.0 = Debug|Any CPU
		{BC73A6F3-70AF-4B2C-B77E-318CC7DB4812}.Debug|x64.ActiveCfg = Debug|Any CPU
		{BC73A6F3-70AF-4B2C-B77E-318CC7DB4812}.Debug|x64.Build.0 = Debug|Any CPU
		{BC73A6F3-70AF-4B2C-B77E-318CC7DB4812}.Debug|x86.ActiveCfg = Debug|Any CPU
		{BC73A6F3-70AF-4B2C-B77E-318CC7DB4812}.Debug|x86.Build.0 = Debug|Any CPU
		{BC73A6F3-70AF-4B2C-B77E-318CC7DB4812}.Release|Any CPU.ActiveCfg = Release|Any CPU
		{BC73A6F3-70AF-4B2C-B77E-318CC7DB4812}.Release|Any CPU.Build.0 = Release|Any CPU
		{BC73A6F3-70AF-4B2C-B77E-318CC7DB4812}.Release|x64.ActiveCfg = Release|Any CPU
		{BC73A6F3-70AF-4B2C-B77E-318CC7DB4812}.Release|x64.Build.0 = Release|Any CPU
		{BC73A6F3-70AF-4B2C-B77E-318CC7DB4812}.Release|x86.ActiveCfg = Release|Any CPU
		{BC73A6F3-70AF-4B2C-B77E-318CC7DB4812}.Release|x86.Build.0 = Release|Any CPU
		{BC73A6F3-70AF-4B2C-B77E-318CC7DB4812}.ReleaseMPI|Any CPU.ActiveCfg = Release|Any CPU
		{BC73A6F3-70AF-4B2C-B77E-318CC7DB4812}.ReleaseMPI|Any CPU.Build.0 = Release|Any CPU
		{BC73A6F3-70AF-4B2C-B77E-318CC7DB4812}.ReleaseMPI|x64.ActiveCfg = Release|Any CPU
		{BC73A6F3-70AF-4B2C-B77E-318CC7DB4812}.ReleaseMPI|x64.Build.0 = Release|Any CPU
		{BC73A6F3-70AF-4B2C-B77E-318CC7DB4812}.ReleaseMPI|x86.ActiveCfg = Release|Any CPU
		{BC73A6F3-70AF-4B2C-B77E-318CC7DB4812}.ReleaseMPI|x86.Build.0 = Release|Any CPU
		{7FB6B845-E772-488F-8339-8B1872F2CFCE}.Debug|Any CPU.ActiveCfg = Debug|Any CPU
		{7FB6B845-E772-488F-8339-8B1872F2CFCE}.Debug|Any CPU.Build.0 = Debug|Any CPU
		{7FB6B845-E772-488F-8339-8B1872F2CFCE}.Debug|x64.ActiveCfg = Debug|Any CPU
		{7FB6B845-E772-488F-8339-8B1872F2CFCE}.Debug|x64.Build.0 = Debug|Any CPU
		{7FB6B845-E772-488F-8339-8B1872F2CFCE}.Debug|x86.ActiveCfg = Debug|Any CPU
		{7FB6B845-E772-488F-8339-8B1872F2CFCE}.Debug|x86.Build.0 = Debug|Any CPU
		{7FB6B845-E772-488F-8339-8B1872F2CFCE}.Release|Any CPU.ActiveCfg = Release|Any CPU
		{7FB6B845-E772-488F-8339-8B1872F2CFCE}.Release|Any CPU.Build.0 = Release|Any CPU
		{7FB6B845-E772-488F-8339-8B1872F2CFCE}.Release|x64.ActiveCfg = Release|Any CPU
		{7FB6B845-E772-488F-8339-8B1872F2CFCE}.Release|x64.Build.0 = Release|Any CPU
		{7FB6B845-E772-488F-8339-8B1872F2CFCE}.Release|x86.ActiveCfg = Release|Any CPU
		{7FB6B845-E772-488F-8339-8B1872F2CFCE}.Release|x86.Build.0 = Release|Any CPU
		{7FB6B845-E772-488F-8339-8B1872F2CFCE}.ReleaseMPI|Any CPU.ActiveCfg = Release|Any CPU
		{7FB6B845-E772-488F-8339-8B1872F2CFCE}.ReleaseMPI|Any CPU.Build.0 = Release|Any CPU
		{7FB6B845-E772-488F-8339-8B1872F2CFCE}.ReleaseMPI|x64.ActiveCfg = Release|Any CPU
		{7FB6B845-E772-488F-8339-8B1872F2CFCE}.ReleaseMPI|x64.Build.0 = Release|Any CPU
		{7FB6B845-E772-488F-8339-8B1872F2CFCE}.ReleaseMPI|x86.ActiveCfg = Release|Any CPU
		{7FB6B845-E772-488F-8339-8B1872F2CFCE}.ReleaseMPI|x86.Build.0 = Release|Any CPU
		{34F9397C-7637-44F1-9884-72E0DEB2DE71}.Debug|Any CPU.ActiveCfg = Debug|Win32
		{34F9397C-7637-44F1-9884-72E0DEB2DE71}.Debug|x64.ActiveCfg = Debug|x64
		{34F9397C-7637-44F1-9884-72E0DEB2DE71}.Debug|x64.Build.0 = Debug|x64
		{34F9397C-7637-44F1-9884-72E0DEB2DE71}.Debug|x86.ActiveCfg = Debug|Win32
		{34F9397C-7637-44F1-9884-72E0DEB2DE71}.Debug|x86.Build.0 = Debug|Win32
		{34F9397C-7637-44F1-9884-72E0DEB2DE71}.Release|Any CPU.ActiveCfg = Release|Win32
		{34F9397C-7637-44F1-9884-72E0DEB2DE71}.Release|x64.ActiveCfg = Release|x64
		{34F9397C-7637-44F1-9884-72E0DEB2DE71}.Release|x64.Build.0 = Release|x64
		{34F9397C-7637-44F1-9884-72E0DEB2DE71}.Release|x86.ActiveCfg = Release|Win32
		{34F9397C-7637-44F1-9884-72E0DEB2DE71}.Release|x86.Build.0 = Release|Win32
		{34F9397C-7637-44F1-9884-72E0DEB2DE71}.ReleaseMPI|Any CPU.ActiveCfg = Debug|Win32
		{34F9397C-7637-44F1-9884-72E0DEB2DE71}.ReleaseMPI|Any CPU.Build.0 = Debug|Win32
		{34F9397C-7637-44F1-9884-72E0DEB2DE71}.ReleaseMPI|x64.ActiveCfg = Release|x64
		{34F9397C-7637-44F1-9884-72E0DEB2DE71}.ReleaseMPI|x64.Build.0 = Release|x64
		{34F9397C-7637-44F1-9884-72E0DEB2DE71}.ReleaseMPI|x86.ActiveCfg = Release|Win32
		{34F9397C-7637-44F1-9884-72E0DEB2DE71}.ReleaseMPI|x86.Build.0 = Release|Win32
		{CB824624-5559-43E9-8D50-B2449ADF1983}.Debug|Any CPU.ActiveCfg = Debug|Win32
		{CB824624-5559-43E9-8D50-B2449ADF1983}.Debug|x64.ActiveCfg = Debug|x64
		{CB824624-5559-43E9-8D50-B2449ADF1983}.Debug|x64.Build.0 = Debug|x64
		{CB824624-5559-43E9-8D50-B2449ADF1983}.Debug|x86.ActiveCfg = Debug|Win32
		{CB824624-5559-43E9-8D50-B2449ADF1983}.Debug|x86.Build.0 = Debug|Win32
		{CB824624-5559-43E9-8D50-B2449ADF1983}.Release|Any CPU.ActiveCfg = Release|Win32
		{CB824624-5559-43E9-8D50-B2449ADF1983}.Release|x64.ActiveCfg = Release|x64
		{CB824624-5559-43E9-8D50-B2449ADF1983}.Release|x64.Build.0 = Release|x64
		{CB824624-5559-43E9-8D50-B2449ADF1983}.Release|x86.ActiveCfg = Release|Win32
		{CB824624-5559-43E9-8D50-B2449ADF1983}.Release|x86.Build.0 = Release|Win32
		{CB824624-5559-43E9-8D50-B2449ADF1983}.ReleaseMPI|Any CPU.ActiveCfg = Debug|Win32
		{CB824624-5559-43E9-8D50-B2449ADF1983}.ReleaseMPI|Any CPU.Build.0 = Debug|Win32
		{CB824624-5559-43E9-8D50-B2449ADF1983}.ReleaseMPI|x64.ActiveCfg = Release|x64
		{CB824624-5559-43E9-8D50-B2449ADF1983}.ReleaseMPI|x64.Build.0 = Release|x64
		{CB824624-5559-43E9-8D50-B2449ADF1983}.ReleaseMPI|x86.ActiveCfg = Release|Win32
		{CB824624-5559-43E9-8D50-B2449ADF1983}.ReleaseMPI|x86.Build.0 = Release|Win32
		{1080BAD6-C135-4DB7-B41A-4E31EC61E7CC}.Debug|Any CPU.ActiveCfg = Debug|Any CPU
		{1080BAD6-C135-4DB7-B41A-4E31EC61E7CC}.Debug|Any CPU.Build.0 = Debug|Any CPU
		{1080BAD6-C135-4DB7-B41A-4E31EC61E7CC}.Debug|x64.ActiveCfg = Debug|Any CPU
		{1080BAD6-C135-4DB7-B41A-4E31EC61E7CC}.Debug|x64.Build.0 = Debug|Any CPU
		{1080BAD6-C135-4DB7-B41A-4E31EC61E7CC}.Debug|x86.ActiveCfg = Debug|Any CPU
		{1080BAD6-C135-4DB7-B41A-4E31EC61E7CC}.Debug|x86.Build.0 = Debug|Any CPU
		{1080BAD6-C135-4DB7-B41A-4E31EC61E7CC}.Release|Any CPU.ActiveCfg = Release|Any CPU
		{1080BAD6-C135-4DB7-B41A-4E31EC61E7CC}.Release|Any CPU.Build.0 = Release|Any CPU
		{1080BAD6-C135-4DB7-B41A-4E31EC61E7CC}.Release|x64.ActiveCfg = Release|Any CPU
		{1080BAD6-C135-4DB7-B41A-4E31EC61E7CC}.Release|x64.Build.0 = Release|Any CPU
		{1080BAD6-C135-4DB7-B41A-4E31EC61E7CC}.Release|x86.ActiveCfg = Release|Any CPU
		{1080BAD6-C135-4DB7-B41A-4E31EC61E7CC}.Release|x86.Build.0 = Release|Any CPU
		{1080BAD6-C135-4DB7-B41A-4E31EC61E7CC}.ReleaseMPI|Any CPU.ActiveCfg = Release|Any CPU
		{1080BAD6-C135-4DB7-B41A-4E31EC61E7CC}.ReleaseMPI|Any CPU.Build.0 = Release|Any CPU
		{1080BAD6-C135-4DB7-B41A-4E31EC61E7CC}.ReleaseMPI|x64.ActiveCfg = Release|Any CPU
		{1080BAD6-C135-4DB7-B41A-4E31EC61E7CC}.ReleaseMPI|x64.Build.0 = Release|Any CPU
		{1080BAD6-C135-4DB7-B41A-4E31EC61E7CC}.ReleaseMPI|x86.ActiveCfg = Release|Any CPU
		{1080BAD6-C135-4DB7-B41A-4E31EC61E7CC}.ReleaseMPI|x86.Build.0 = Release|Any CPU
		{C6B1E4E2-B95C-4CB9-B674-48859C12E9F4}.Debug|Any CPU.ActiveCfg = Debug|x64
		{C6B1E4E2-B95C-4CB9-B674-48859C12E9F4}.Debug|x64.ActiveCfg = Debug|x64
		{C6B1E4E2-B95C-4CB9-B674-48859C12E9F4}.Debug|x64.Build.0 = Debug|x64
		{C6B1E4E2-B95C-4CB9-B674-48859C12E9F4}.Debug|x86.ActiveCfg = Debug|x64
		{C6B1E4E2-B95C-4CB9-B674-48859C12E9F4}.Release|Any CPU.ActiveCfg = Release|x64
		{C6B1E4E2-B95C-4CB9-B674-48859C12E9F4}.Release|x64.ActiveCfg = Release|x64
		{C6B1E4E2-B95C-4CB9-B674-48859C12E9F4}.Release|x64.Build.0 = Release|x64
		{C6B1E4E2-B95C-4CB9-B674-48859C12E9F4}.Release|x86.ActiveCfg = Release|x64
		{C6B1E4E2-B95C-4CB9-B674-48859C12E9F4}.ReleaseMPI|Any CPU.ActiveCfg = Debug|x64
		{C6B1E4E2-B95C-4CB9-B674-48859C12E9F4}.ReleaseMPI|Any CPU.Build.0 = Debug|x64
		{C6B1E4E2-B95C-4CB9-B674-48859C12E9F4}.ReleaseMPI|x64.ActiveCfg = Release|x64
		{C6B1E4E2-B95C-4CB9-B674-48859C12E9F4}.ReleaseMPI|x64.Build.0 = Release|x64
		{C6B1E4E2-B95C-4CB9-B674-48859C12E9F4}.ReleaseMPI|x86.ActiveCfg = Debug|x64
		{C6B1E4E2-B95C-4CB9-B674-48859C12E9F4}.ReleaseMPI|x86.Build.0 = Debug|x64
		{4590B4B7-61DB-430F-BF31-32D8DDA618DE}.Debug|Any CPU.ActiveCfg = Debug|Win32
		{4590B4B7-61DB-430F-BF31-32D8DDA618DE}.Debug|x64.ActiveCfg = Debug|x64
		{4590B4B7-61DB-430F-BF31-32D8DDA618DE}.Debug|x64.Build.0 = Debug|x64
		{4590B4B7-61DB-430F-BF31-32D8DDA618DE}.Debug|x86.ActiveCfg = Debug|Win32
		{4590B4B7-61DB-430F-BF31-32D8DDA618DE}.Debug|x86.Build.0 = Debug|Win32
		{4590B4B7-61DB-430F-BF31-32D8DDA618DE}.Release|Any CPU.ActiveCfg = Release|Win32
		{4590B4B7-61DB-430F-BF31-32D8DDA618DE}.Release|x64.ActiveCfg = Release|x64
		{4590B4B7-61DB-430F-BF31-32D8DDA618DE}.Release|x64.Build.0 = Release|x64
		{4590B4B7-61DB-430F-BF31-32D8DDA618DE}.Release|x86.ActiveCfg = Release|Win32
		{4590B4B7-61DB-430F-BF31-32D8DDA618DE}.Release|x86.Build.0 = Release|Win32
		{4590B4B7-61DB-430F-BF31-32D8DDA618DE}.ReleaseMPI|Any CPU.ActiveCfg = Debug|Win32
		{4590B4B7-61DB-430F-BF31-32D8DDA618DE}.ReleaseMPI|Any CPU.Build.0 = Debug|Win32
		{4590B4B7-61DB-430F-BF31-32D8DDA618DE}.ReleaseMPI|x64.ActiveCfg = Release|x64
		{4590B4B7-61DB-430F-BF31-32D8DDA618DE}.ReleaseMPI|x64.Build.0 = Release|x64
		{4590B4B7-61DB-430F-BF31-32D8DDA618DE}.ReleaseMPI|x86.ActiveCfg = Release|Win32
		{4590B4B7-61DB-430F-BF31-32D8DDA618DE}.ReleaseMPI|x86.Build.0 = Release|Win32
	EndGlobalSection
	GlobalSection(SolutionProperties) = preSolution
		HideSolutionNode = FALSE
	EndGlobalSection
	GlobalSection(NestedProjects) = preSolution
		{8D0CA831-5903-4A0F-B3BF-570F8B0A7F7D} = {182516DF-01A7-4F8D-AAF2-C93F3E2EEC70}
		{F5806C2B-8B14-43AA-AB26-E8658F6FC8C7} = {182516DF-01A7-4F8D-AAF2-C93F3E2EEC70}
		{2E3AC2A0-9F9A-4595-A361-9B5DF8018D54} = {182516DF-01A7-4F8D-AAF2-C93F3E2EEC70}
		{4D5D08B8-B029-46D7-A632-221FEFEEB6AE} = {2E3AC2A0-9F9A-4595-A361-9B5DF8018D54}
		{6EBEB373-CD73-4EA8-AD86-03EBD20CF548} = {2E3AC2A0-9F9A-4595-A361-9B5DF8018D54}
		{BC73A6F3-70AF-4B2C-B77E-318CC7DB4812} = {ECA7C8BF-B7AD-4CDD-B828-57DC8167EB56}
		{7FB6B845-E772-488F-8339-8B1872F2CFCE} = {ECA7C8BF-B7AD-4CDD-B828-57DC8167EB56}
		{CB824624-5559-43E9-8D50-B2449ADF1983} = {182516DF-01A7-4F8D-AAF2-C93F3E2EEC70}
		{1080BAD6-C135-4DB7-B41A-4E31EC61E7CC} = {ECA7C8BF-B7AD-4CDD-B828-57DC8167EB56}
		{C6B1E4E2-B95C-4CB9-B674-48859C12E9F4} = {182516DF-01A7-4F8D-AAF2-C93F3E2EEC70}
	EndGlobalSection
	GlobalSection(ExtensibilityGlobals) = postSolution
		SolutionGuid = {22494A16-A7FF-490B-8817-2D15478EF542}
	EndGlobalSection
EndGlobal
