
Microsoft Visual Studio Solution File, Format Version 12.00
# Visual Studio 15
VisualStudioVersion = 15.0.28307.1684
MinimumVisualStudioVersion = 10.0.40219.1
Project("{FAE04EC0-301F-11D3-BF4B-00C04F79EFBC}") = "ConsoleApp1", ".NetConsole\ConsoleApp1.csproj", "{D6F0E1AF-511B-411B-8F9A-4FFBF2A5F37A}"
EndProject
Project("{8BC9CEB8-8B4A-11D0-8D11-00A0C91BC942}") = "Core", "Core\Core.vcxproj.vcxproj", "{ACEBD2A7-9D32-4652-8976-D9B40021B38C}"
EndProject
Project("{8BC9CEB8-8B4A-11D0-8D11-00A0C91BC942}") = "wrapper", "wrapper\wrapper.vcxproj", "{6D27D807-C853-4838-A561-3A66E69F362D}"
EndProject
Global
	GlobalSection(SolutionConfigurationPlatforms) = preSolution
		Debug|Any CPU = Debug|Any CPU
		Debug|x64 = Debug|x64
		Debug|x86 = Debug|x86
		Release|Any CPU = Release|Any CPU
		Release|x64 = Release|x64
		Release|x86 = Release|x86
	EndGlobalSection
	GlobalSection(ProjectConfigurationPlatforms) = postSolution
		{D6F0E1AF-511B-411B-8F9A-4FFBF2A5F37A}.Debug|Any CPU.ActiveCfg = Debug|Any CPU
		{D6F0E1AF-511B-411B-8F9A-4FFBF2A5F37A}.Debug|Any CPU.Build.0 = Debug|Any CPU
		{D6F0E1AF-511B-411B-8F9A-4FFBF2A5F37A}.Debug|x64.ActiveCfg = Release|Any CPU
		{D6F0E1AF-511B-411B-8F9A-4FFBF2A5F37A}.Debug|x64.Build.0 = Release|Any CPU
		{D6F0E1AF-511B-411B-8F9A-4FFBF2A5F37A}.Debug|x86.ActiveCfg = Debug|Any CPU
		{D6F0E1AF-511B-411B-8F9A-4FFBF2A5F37A}.Debug|x86.Build.0 = Debug|Any CPU
		{D6F0E1AF-511B-411B-8F9A-4FFBF2A5F37A}.Release|Any CPU.ActiveCfg = Release|Any CPU
		{D6F0E1AF-511B-411B-8F9A-4FFBF2A5F37A}.Release|Any CPU.Build.0 = Release|Any CPU
		{D6F0E1AF-511B-411B-8F9A-4FFBF2A5F37A}.Release|x64.ActiveCfg = Release|Any CPU
		{D6F0E1AF-511B-411B-8F9A-4FFBF2A5F37A}.Release|x64.Build.0 = Release|Any CPU
		{D6F0E1AF-511B-411B-8F9A-4FFBF2A5F37A}.Release|x86.ActiveCfg = Release|Any CPU
		{D6F0E1AF-511B-411B-8F9A-4FFBF2A5F37A}.Release|x86.Build.0 = Release|Any CPU
		{ACEBD2A7-9D32-4652-8976-D9B40021B38C}.Debug|Any CPU.ActiveCfg = Debug|Win32
		{ACEBD2A7-9D32-4652-8976-D9B40021B38C}.Debug|x64.ActiveCfg = Debug|x64
		{ACEBD2A7-9D32-4652-8976-D9B40021B38C}.Debug|x64.Build.0 = Debug|x64
		{ACEBD2A7-9D32-4652-8976-D9B40021B38C}.Debug|x86.ActiveCfg = Debug|Win32
		{ACEBD2A7-9D32-4652-8976-D9B40021B38C}.Debug|x86.Build.0 = Debug|Win32
		{ACEBD2A7-9D32-4652-8976-D9B40021B38C}.Release|Any CPU.ActiveCfg = Release|Win32
		{ACEBD2A7-9D32-4652-8976-D9B40021B38C}.Release|x64.ActiveCfg = Release|x64
		{ACEBD2A7-9D32-4652-8976-D9B40021B38C}.Release|x64.Build.0 = Release|x64
		{ACEBD2A7-9D32-4652-8976-D9B40021B38C}.Release|x86.ActiveCfg = Release|Win32
		{ACEBD2A7-9D32-4652-8976-D9B40021B38C}.Release|x86.Build.0 = Release|Win32
		{6D27D807-C853-4838-A561-3A66E69F362D}.Debug|Any CPU.ActiveCfg = Debug|Win32
		{6D27D807-C853-4838-A561-3A66E69F362D}.Debug|x64.ActiveCfg = Debug|x64
		{6D27D807-C853-4838-A561-3A66E69F362D}.Debug|x64.Build.0 = Debug|x64
		{6D27D807-C853-4838-A561-3A66E69F362D}.Debug|x86.ActiveCfg = Debug|Win32
		{6D27D807-C853-4838-A561-3A66E69F362D}.Debug|x86.Build.0 = Debug|Win32
		{6D27D807-C853-4838-A561-3A66E69F362D}.Release|Any CPU.ActiveCfg = Release|Win32
		{6D27D807-C853-4838-A561-3A66E69F362D}.Release|x64.ActiveCfg = Release|x64
		{6D27D807-C853-4838-A561-3A66E69F362D}.Release|x64.Build.0 = Release|x64
		{6D27D807-C853-4838-A561-3A66E69F362D}.Release|x86.ActiveCfg = Release|Win32
		{6D27D807-C853-4838-A561-3A66E69F362D}.Release|x86.Build.0 = Release|Win32
	EndGlobalSection
	GlobalSection(SolutionProperties) = preSolution
		HideSolutionNode = FALSE
	EndGlobalSection
	GlobalSection(ExtensibilityGlobals) = postSolution
		SolutionGuid = {1C5D3103-6325-468E-BDA2-D6B7EA3DB661}
	EndGlobalSection
EndGlobal
