
Microsoft Visual Studio Solution File, Format Version 12.00
# Visual Studio 15
VisualStudioVersion = 15.0.28307.1705
MinimumVisualStudioVersion = 10.0.40219.1
Project("{FAE04EC0-301F-11D3-BF4B-00C04F79EFBC}") = "GitAction", "GitAction.csproj", "{DB9CB7B7-B002-4835-8808-C164D8711813}"
EndProject
Global
	GlobalSection(SolutionConfigurationPlatforms) = preSolution
		Debug|Any CPU = Debug|Any CPU
		Release|Any CPU = Release|Any CPU
	EndGlobalSection
	GlobalSection(ProjectConfigurationPlatforms) = postSolution
		{DB9CB7B7-B002-4835-8808-C164D8711813}.Debug|Any CPU.ActiveCfg = Debug|Any CPU
		{DB9CB7B7-B002-4835-8808-C164D8711813}.Debug|Any CPU.Build.0 = Debug|Any CPU
		{DB9CB7B7-B002-4835-8808-C164D8711813}.Release|Any CPU.ActiveCfg = Release|Any CPU
		{DB9CB7B7-B002-4835-8808-C164D8711813}.Release|Any CPU.Build.0 = Release|Any CPU
	EndGlobalSection
	GlobalSection(SolutionProperties) = preSolution
		HideSolutionNode = FALSE
	EndGlobalSection
	GlobalSection(ExtensibilityGlobals) = postSolution
		SolutionGuid = {95F9628B-BA4B-4EEF-8367-028936189542}
	EndGlobalSection
EndGlobal
