
Microsoft Visual Studio Solution File, Format Version 12.00
# Visual Studio Version 16
VisualStudioVersion = 16.0.31729.503
MinimumVisualStudioVersion = 10.0.40219.1
Project("{8BC9CEB8-8B4A-11D0-8D11-00A0C91BC942}") = "StdAlgorithm", "StdAlgorithm.vcxproj", "{CA18795D-BF42-48EA-8D2F-4670998ADDD4}"
EndProject
Project("{FAE04EC0-301F-11D3-BF4B-00C04F79EFBC}") = "ContainerSorting", "..\ContainerSorting\ContainerSorting.csproj", "{E24D2A65-F90D-4D65-B26D-D48C4B21F994}"
EndProject
Global
	GlobalSection(SolutionConfigurationPlatforms) = preSolution
		Debug|Any CPU = Debug|Any CPU
		Debug|x64 = Debug|x64
		Debug|x86 = Debug|x86
		Release|Any CPU = Release|Any CPU
		Release|x64 = Release|x64
		Release|x86 = Release|x86
	EndGlobalSection
	GlobalSection(ProjectConfigurationPlatforms) = postSolution
		{CA18795D-BF42-48EA-8D2F-4670998ADDD4}.Debug|Any CPU.ActiveCfg = Debug|Win32
		{CA18795D-BF42-48EA-8D2F-4670998ADDD4}.Debug|x64.ActiveCfg = Debug|x64
		{CA18795D-BF42-48EA-8D2F-4670998ADDD4}.Debug|x64.Build.0 = Debug|x64
		{CA18795D-BF42-48EA-8D2F-4670998ADDD4}.Debug|x86.ActiveCfg = Debug|Win32
		{CA18795D-BF42-48EA-8D2F-4670998ADDD4}.Debug|x86.Build.0 = Debug|Win32
		{CA18795D-BF42-48EA-8D2F-4670998ADDD4}.Release|Any CPU.ActiveCfg = Release|Win32
		{CA18795D-BF42-48EA-8D2F-4670998ADDD4}.Release|x64.ActiveCfg = Release|x64
		{CA18795D-BF42-48EA-8D2F-4670998ADDD4}.Release|x64.Build.0 = Release|x64
		{CA18795D-BF42-48EA-8D2F-4670998ADDD4}.Release|x86.ActiveCfg = Release|Win32
		{CA18795D-BF42-48EA-8D2F-4670998ADDD4}.Release|x86.Build.0 = Release|Win32
		{E24D2A65-F90D-4D65-B26D-D48C4B21F994}.Debug|Any CPU.ActiveCfg = Debug|Any CPU
		{E24D2A65-F90D-4D65-B26D-D48C4B21F994}.Debug|Any CPU.Build.0 = Debug|Any CPU
		{E24D2A65-F90D-4D65-B26D-D48C4B21F994}.Debug|x64.ActiveCfg = Debug|Any CPU
		{E24D2A65-F90D-4D65-B26D-D48C4B21F994}.Debug|x64.Build.0 = Debug|Any CPU
		{E24D2A65-F90D-4D65-B26D-D48C4B21F994}.Debug|x86.ActiveCfg = Debug|Any CPU
		{E24D2A65-F90D-4D65-B26D-D48C4B21F994}.Debug|x86.Build.0 = Debug|Any CPU
		{E24D2A65-F90D-4D65-B26D-D48C4B21F994}.Release|Any CPU.ActiveCfg = Release|Any CPU
		{E24D2A65-F90D-4D65-B26D-D48C4B21F994}.Release|Any CPU.Build.0 = Release|Any CPU
		{E24D2A65-F90D-4D65-B26D-D48C4B21F994}.Release|x64.ActiveCfg = Release|Any CPU
		{E24D2A65-F90D-4D65-B26D-D48C4B21F994}.Release|x64.Build.0 = Release|Any CPU
		{E24D2A65-F90D-4D65-B26D-D48C4B21F994}.Release|x86.ActiveCfg = Release|Any CPU
		{E24D2A65-F90D-4D65-B26D-D48C4B21F994}.Release|x86.Build.0 = Release|Any CPU
	EndGlobalSection
	GlobalSection(SolutionProperties) = preSolution
		HideSolutionNode = FALSE
	EndGlobalSection
	GlobalSection(ExtensibilityGlobals) = postSolution
		SolutionGuid = {690E40B9-3339-4051-B695-28BE927523CD}
	EndGlobalSection
EndGlobal
